// !$*UTF8*$!
{
	archiveVersion = 1;
	classes = {
	};
	objectVersion = 52;
	objects = {

/* Begin PBXBuildFile section */
		456889982711E930007E61DA /* ChatsTableViewController.swift in Sources */ = {isa = PBXBuildFile; fileRef = 456889972711E930007E61DA /* ChatsTableViewController.swift */; };
		4568899F2711EA82007E61DA /* ChatModelView.swift in Sources */ = {isa = PBXBuildFile; fileRef = 4568899E2711EA82007E61DA /* ChatModelView.swift */; };
		456889A52711EAF5007E61DA /* ChatTableViewCell.swift in Sources */ = {isa = PBXBuildFile; fileRef = 456889A42711EAF5007E61DA /* ChatTableViewCell.swift */; };
		456889A92711EB66007E61DA /* ProfileViewController.swift in Sources */ = {isa = PBXBuildFile; fileRef = 456889A82711EB66007E61DA /* ProfileViewController.swift */; };
		456889AF2711F415007E61DA /* Main.storyboard in Resources */ = {isa = PBXBuildFile; fileRef = 456889AE2711F415007E61DA /* Main.storyboard */; };
		4568CE03270E3A0A00C83AC4 /* ChatTextField.swift in Sources */ = {isa = PBXBuildFile; fileRef = 4568CE02270E3A0A00C83AC4 /* ChatTextField.swift */; };
		4568CE09270E3B6B00C83AC4 /* ChatMessageViewModel.swift in Sources */ = {isa = PBXBuildFile; fileRef = 4568CE08270E3B6B00C83AC4 /* ChatMessageViewModel.swift */; };
		456AB351270A198B0099980C /* AppDelegate.swift in Sources */ = {isa = PBXBuildFile; fileRef = 456AB350270A198B0099980C /* AppDelegate.swift */; };
		456AB353270A198B0099980C /* SceneDelegate.swift in Sources */ = {isa = PBXBuildFile; fileRef = 456AB352270A198B0099980C /* SceneDelegate.swift */; };
		456AB355270A198B0099980C /* ChatVC.swift in Sources */ = {isa = PBXBuildFile; fileRef = 456AB354270A198B0099980C /* ChatVC.swift */; };
		456AB35A270A19960099980C /* Assets.xcassets in Resources */ = {isa = PBXBuildFile; fileRef = 456AB359270A19960099980C /* Assets.xcassets */; };
		456AB35D270A19960099980C /* LaunchScreen.storyboard in Resources */ = {isa = PBXBuildFile; fileRef = 456AB35B270A19960099980C /* LaunchScreen.storyboard */; };
		456AB36C270A1DCD0099980C /* UIColor.swift in Sources */ = {isa = PBXBuildFile; fileRef = 456AB36B270A1DCD0099980C /* UIColor.swift */; };
		4574B0C92713812900F7CDBF /* SnapKit in Frameworks */ = {isa = PBXBuildFile; productRef = 4574B0C82713812900F7CDBF /* SnapKit */; };
		458B1EC3270B754E00A697E3 /* ChatTextFieldView.swift in Sources */ = {isa = PBXBuildFile; fileRef = 458B1EC2270B754E00A697E3 /* ChatTextFieldView.swift */; };
		45947BD0270A3DED000EA498 /* ChatMessageCell.swift in Sources */ = {isa = PBXBuildFile; fileRef = 45947BCF270A3DED000EA498 /* ChatMessageCell.swift */; };
		45947BD3270A47CB000EA498 /* DateHeaderLabel.swift in Sources */ = {isa = PBXBuildFile; fileRef = 45947BD2270A47CB000EA498 /* DateHeaderLabel.swift */; };
		45947BDB270A5F68000EA498 /* Habibi-Regular.ttf in Resources */ = {isa = PBXBuildFile; fileRef = 45947BDA270A5F5A000EA498 /* Habibi-Regular.ttf */; };
/* End PBXBuildFile section */

/* Begin PBXFileReference section */
		456889972711E930007E61DA /* ChatsTableViewController.swift */ = {isa = PBXFileReference; lastKnownFileType = sourcecode.swift; path = ChatsTableViewController.swift; sourceTree = "<group>"; };
		4568899E2711EA82007E61DA /* ChatModelView.swift */ = {isa = PBXFileReference; lastKnownFileType = sourcecode.swift; path = ChatModelView.swift; sourceTree = "<group>"; };
		456889A42711EAF5007E61DA /* ChatTableViewCell.swift */ = {isa = PBXFileReference; lastKnownFileType = sourcecode.swift; path = ChatTableViewCell.swift; sourceTree = "<group>"; };
		456889A82711EB66007E61DA /* ProfileViewController.swift */ = {isa = PBXFileReference; lastKnownFileType = sourcecode.swift; path = ProfileViewController.swift; sourceTree = "<group>"; };
		456889AE2711F415007E61DA /* Main.storyboard */ = {isa = PBXFileReference; lastKnownFileType = file.storyboard; path = Main.storyboard; sourceTree = "<group>"; };
		4568CE02270E3A0A00C83AC4 /* ChatTextField.swift */ = {isa = PBXFileReference; lastKnownFileType = sourcecode.swift; path = ChatTextField.swift; sourceTree = "<group>"; };
		4568CE08270E3B6B00C83AC4 /* ChatMessageViewModel.swift */ = {isa = PBXFileReference; lastKnownFileType = sourcecode.swift; path = ChatMessageViewModel.swift; sourceTree = "<group>"; };
		456AB34D270A198B0099980C /* TextMessenger.app */ = {isa = PBXFileReference; explicitFileType = wrapper.application; includeInIndex = 0; path = TextMessenger.app; sourceTree = BUILT_PRODUCTS_DIR; };
		456AB350270A198B0099980C /* AppDelegate.swift */ = {isa = PBXFileReference; lastKnownFileType = sourcecode.swift; path = AppDelegate.swift; sourceTree = "<group>"; };
		456AB352270A198B0099980C /* SceneDelegate.swift */ = {isa = PBXFileReference; lastKnownFileType = sourcecode.swift; path = SceneDelegate.swift; sourceTree = "<group>"; };
		456AB354270A198B0099980C /* ChatVC.swift */ = {isa = PBXFileReference; lastKnownFileType = sourcecode.swift; path = ChatVC.swift; sourceTree = "<group>"; };
		456AB359270A19960099980C /* Assets.xcassets */ = {isa = PBXFileReference; lastKnownFileType = folder.assetcatalog; path = Assets.xcassets; sourceTree = "<group>"; };
		456AB35C270A19960099980C /* Base */ = {isa = PBXFileReference; lastKnownFileType = file.storyboard; name = Base; path = Base.lproj/LaunchScreen.storyboard; sourceTree = "<group>"; };
		456AB35E270A19960099980C /* Info.plist */ = {isa = PBXFileReference; lastKnownFileType = text.plist.xml; path = Info.plist; sourceTree = "<group>"; };
		456AB36B270A1DCD0099980C /* UIColor.swift */ = {isa = PBXFileReference; lastKnownFileType = sourcecode.swift; path = UIColor.swift; sourceTree = "<group>"; };
		458B1EC2270B754E00A697E3 /* ChatTextFieldView.swift */ = {isa = PBXFileReference; lastKnownFileType = sourcecode.swift; path = ChatTextFieldView.swift; sourceTree = "<group>"; };
		45947BCF270A3DED000EA498 /* ChatMessageCell.swift */ = {isa = PBXFileReference; lastKnownFileType = sourcecode.swift; path = ChatMessageCell.swift; sourceTree = "<group>"; };
		45947BD2270A47CB000EA498 /* DateHeaderLabel.swift */ = {isa = PBXFileReference; lastKnownFileType = sourcecode.swift; path = DateHeaderLabel.swift; sourceTree = "<group>"; };
		45947BDA270A5F5A000EA498 /* Habibi-Regular.ttf */ = {isa = PBXFileReference; lastKnownFileType = file; path = "Habibi-Regular.ttf"; sourceTree = "<group>"; };
/* End PBXFileReference section */

/* Begin PBXFrameworksBuildPhase section */
		456AB34A270A198B0099980C /* Frameworks */ = {
			isa = PBXFrameworksBuildPhase;
			buildActionMask = 2147483647;
			files = (
				4574B0C92713812900F7CDBF /* SnapKit in Frameworks */,
			);
			runOnlyForDeploymentPostprocessing = 0;
		};
/* End PBXFrameworksBuildPhase section */

/* Begin PBXGroup section */
		455BCAFF270B394F00EFE753 /* Colors */ = {
			isa = PBXGroup;
			children = (
				456AB36B270A1DCD0099980C /* UIColor.swift */,
			);
			path = Colors;
			sourceTree = "<group>";
		};
		455BCB00270B395D00EFE753 /* Chat */ = {
			isa = PBXGroup;
			children = (
				4568CE07270E3B5A00C83AC4 /* ViewModels */,
				455BCB01270B396F00EFE753 /* Views */,
				456AB354270A198B0099980C /* ChatVC.swift */,
			);
			path = Chat;
			sourceTree = "<group>";
		};
		455BCB01270B396F00EFE753 /* Views */ = {
			isa = PBXGroup;
			children = (
				4568CE05270E3A9900C83AC4 /* Cells */,
				45947BD2270A47CB000EA498 /* DateHeaderLabel.swift */,
				4568CE02270E3A0A00C83AC4 /* ChatTextField.swift */,
				458B1EC2270B754E00A697E3 /* ChatTextFieldView.swift */,
			);
			path = Views;
			sourceTree = "<group>";
		};
		456889962711E923007E61DA /* Chats */ = {
			isa = PBXGroup;
			children = (
				456889972711E930007E61DA /* ChatsTableViewController.swift */,
				4568899E2711EA82007E61DA /* ChatModelView.swift */,
				456889A42711EAF5007E61DA /* ChatTableViewCell.swift */,
			);
			path = Chats;
			sourceTree = "<group>";
		};
		456889A72711EB59007E61DA /* Profile */ = {
			isa = PBXGroup;
			children = (
				456889A82711EB66007E61DA /* ProfileViewController.swift */,
			);
			path = Profile;
			sourceTree = "<group>";
		};
		4568CE05270E3A9900C83AC4 /* Cells */ = {
			isa = PBXGroup;
			children = (
				45947BCF270A3DED000EA498 /* ChatMessageCell.swift */,
			);
			path = Cells;
			sourceTree = "<group>";
		};
		4568CE07270E3B5A00C83AC4 /* ViewModels */ = {
			isa = PBXGroup;
			children = (
				4568CE08270E3B6B00C83AC4 /* ChatMessageViewModel.swift */,
			);
			path = ViewModels;
			sourceTree = "<group>";
		};
		456AB344270A198B0099980C = {
			isa = PBXGroup;
			children = (
				456AB34F270A198B0099980C /* TextMessenger */,
				456AB34E270A198B0099980C /* Products */,
			);
			sourceTree = "<group>";
		};
		456AB34E270A198B0099980C /* Products */ = {
			isa = PBXGroup;
			children = (
				456AB34D270A198B0099980C /* TextMessenger.app */,
			);
			name = Products;
			sourceTree = "<group>";
		};
		456AB34F270A198B0099980C /* TextMessenger */ = {
			isa = PBXGroup;
			children = (
				456889A72711EB59007E61DA /* Profile */,
				456889962711E923007E61DA /* Chats */,
				455BCB00270B395D00EFE753 /* Chat */,
				456AB350270A198B0099980C /* AppDelegate.swift */,
				456AB352270A198B0099980C /* SceneDelegate.swift */,
				456AB359270A19960099980C /* Assets.xcassets */,
				456AB35B270A19960099980C /* LaunchScreen.storyboard */,
				456889AE2711F415007E61DA /* Main.storyboard */,
				456AB35E270A19960099980C /* Info.plist */,
				455BCAFF270B394F00EFE753 /* Colors */,
				45947BD9270A5F4C000EA498 /* Fonts */,
			);
			path = TextMessenger;
			sourceTree = "<group>";
		};
		45947BD9270A5F4C000EA498 /* Fonts */ = {
			isa = PBXGroup;
			children = (
				45947BDA270A5F5A000EA498 /* Habibi-Regular.ttf */,
			);
			path = Fonts;
			sourceTree = "<group>";
		};
/* End PBXGroup section */

/* Begin PBXNativeTarget section */
		456AB34C270A198B0099980C /* TextMessenger */ = {
			isa = PBXNativeTarget;
			buildConfigurationList = 456AB361270A19960099980C /* Build configuration list for PBXNativeTarget "TextMessenger" */;
			buildPhases = (
				456AB349270A198B0099980C /* Sources */,
				456AB34A270A198B0099980C /* Frameworks */,
				456AB34B270A198B0099980C /* Resources */,
			);
			buildRules = (
			);
			dependencies = (
			);
			name = TextMessenger;
			packageProductDependencies = (
				4574B0C82713812900F7CDBF /* SnapKit */,
			);
			productName = TextMessenger;
			productReference = 456AB34D270A198B0099980C /* TextMessenger.app */;
			productType = "com.apple.product-type.application";
		};
/* End PBXNativeTarget section */

/* Begin PBXProject section */
		456AB345270A198B0099980C /* Project object */ = {
			isa = PBXProject;
			attributes = {
				LastSwiftUpdateCheck = 1240;
				LastUpgradeCheck = 1240;
				TargetAttributes = {
					456AB34C270A198B0099980C = {
						CreatedOnToolsVersion = 12.4;
					};
				};
			};
			buildConfigurationList = 456AB348270A198B0099980C /* Build configuration list for PBXProject "TextMessenger" */;
			compatibilityVersion = "Xcode 9.3";
			developmentRegion = en;
			hasScannedForEncodings = 0;
			knownRegions = (
				en,
				Base,
			);
			mainGroup = 456AB344270A198B0099980C;
			packageReferences = (
				4574B0C72713812900F7CDBF /* XCRemoteSwiftPackageReference "SnapKit" */,
			);
			productRefGroup = 456AB34E270A198B0099980C /* Products */;
			projectDirPath = "";
			projectRoot = "";
			targets = (
				456AB34C270A198B0099980C /* TextMessenger */,
			);
		};
/* End PBXProject section */

/* Begin PBXResourcesBuildPhase section */
		456AB34B270A198B0099980C /* Resources */ = {
			isa = PBXResourcesBuildPhase;
			buildActionMask = 2147483647;
			files = (
				45947BDB270A5F68000EA498 /* Habibi-Regular.ttf in Resources */,
				456AB35D270A19960099980C /* LaunchScreen.storyboard in Resources */,
				456AB35A270A19960099980C /* Assets.xcassets in Resources */,
				456889AF2711F415007E61DA /* Main.storyboard in Resources */,
			);
			runOnlyForDeploymentPostprocessing = 0;
		};
/* End PBXResourcesBuildPhase section */

/* Begin PBXSourcesBuildPhase section */
		456AB349270A198B0099980C /* Sources */ = {
			isa = PBXSourcesBuildPhase;
			buildActionMask = 2147483647;
			files = (
				456AB355270A198B0099980C /* ChatVC.swift in Sources */,
				456AB351270A198B0099980C /* AppDelegate.swift in Sources */,
				45947BD0270A3DED000EA498 /* ChatMessageCell.swift in Sources */,
				45947BD3270A47CB000EA498 /* DateHeaderLabel.swift in Sources */,
				456AB353270A198B0099980C /* SceneDelegate.swift in Sources */,
				458B1EC3270B754E00A697E3 /* ChatTextFieldView.swift in Sources */,
				456889A92711EB66007E61DA /* ProfileViewController.swift in Sources */,
				4568CE09270E3B6B00C83AC4 /* ChatMessageViewModel.swift in Sources */,
				456889982711E930007E61DA /* ChatsTableViewController.swift in Sources */,
				456889A52711EAF5007E61DA /* ChatTableViewCell.swift in Sources */,
				456AB36C270A1DCD0099980C /* UIColor.swift in Sources */,
				4568899F2711EA82007E61DA /* ChatModelView.swift in Sources */,
				4568CE03270E3A0A00C83AC4 /* ChatTextField.swift in Sources */,
			);
			runOnlyForDeploymentPostprocessing = 0;
		};
/* End PBXSourcesBuildPhase section */

/* Begin PBXVariantGroup section */
		456AB35B270A19960099980C /* LaunchScreen.storyboard */ = {
			isa = PBXVariantGroup;
			children = (
				456AB35C270A19960099980C /* Base */,
			);
			name = LaunchScreen.storyboard;
			sourceTree = "<group>";
		};
/* End PBXVariantGroup section */

/* Begin XCBuildConfiguration section */
		456AB35F270A19960099980C /* Debug */ = {
			isa = XCBuildConfiguration;
			buildSettings = {
				ALWAYS_SEARCH_USER_PATHS = NO;
				CLANG_ANALYZER_NONNULL = YES;
				CLANG_ANALYZER_NUMBER_OBJECT_CONVERSION = YES_AGGRESSIVE;
				CLANG_CXX_LANGUAGE_STANDARD = "gnu++14";
				CLANG_CXX_LIBRARY = "libc++";
				CLANG_ENABLE_MODULES = YES;
				CLANG_ENABLE_OBJC_ARC = YES;
				CLANG_ENABLE_OBJC_WEAK = YES;
				CLANG_WARN_BLOCK_CAPTURE_AUTORELEASING = YES;
				CLANG_WARN_BOOL_CONVERSION = YES;
				CLANG_WARN_COMMA = YES;
				CLANG_WARN_CONSTANT_CONVERSION = YES;
				CLANG_WARN_DEPRECATED_OBJC_IMPLEMENTATIONS = YES;
				CLANG_WARN_DIRECT_OBJC_ISA_USAGE = YES_ERROR;
				CLANG_WARN_DOCUMENTATION_COMMENTS = YES;
				CLANG_WARN_EMPTY_BODY = YES;
				CLANG_WARN_ENUM_CONVERSION = YES;
				CLANG_WARN_INFINITE_RECURSION = YES;
				CLANG_WARN_INT_CONVERSION = YES;
				CLANG_WARN_NON_LITERAL_NULL_CONVERSION = YES;
				CLANG_WARN_OBJC_IMPLICIT_RETAIN_SELF = YES;
				CLANG_WARN_OBJC_LITERAL_CONVERSION = YES;
				CLANG_WARN_OBJC_ROOT_CLASS = YES_ERROR;
				CLANG_WARN_QUOTED_INCLUDE_IN_FRAMEWORK_HEADER = YES;
				CLANG_WARN_RANGE_LOOP_ANALYSIS = YES;
				CLANG_WARN_STRICT_PROTOTYPES = YES;
				CLANG_WARN_SUSPICIOUS_MOVE = YES;
				CLANG_WARN_UNGUARDED_AVAILABILITY = YES_AGGRESSIVE;
				CLANG_WARN_UNREACHABLE_CODE = YES;
				CLANG_WARN__DUPLICATE_METHOD_MATCH = YES;
				COPY_PHASE_STRIP = NO;
				DEBUG_INFORMATION_FORMAT = dwarf;
				ENABLE_STRICT_OBJC_MSGSEND = YES;
				ENABLE_TESTABILITY = YES;
				GCC_C_LANGUAGE_STANDARD = gnu11;
				GCC_DYNAMIC_NO_PIC = NO;
				GCC_NO_COMMON_BLOCKS = YES;
				GCC_OPTIMIZATION_LEVEL = 0;
				GCC_PREPROCESSOR_DEFINITIONS = (
					"DEBUG=1",
					"$(inherited)",
				);
				GCC_WARN_64_TO_32_BIT_CONVERSION = YES;
				GCC_WARN_ABOUT_RETURN_TYPE = YES_ERROR;
				GCC_WARN_UNDECLARED_SELECTOR = YES;
				GCC_WARN_UNINITIALIZED_AUTOS = YES_AGGRESSIVE;
				GCC_WARN_UNUSED_FUNCTION = YES;
				GCC_WARN_UNUSED_VARIABLE = YES;
				IPHONEOS_DEPLOYMENT_TARGET = 14.4;
				MTL_ENABLE_DEBUG_INFO = INCLUDE_SOURCE;
				MTL_FAST_MATH = YES;
				ONLY_ACTIVE_ARCH = YES;
				SDKROOT = iphoneos;
				SWIFT_ACTIVE_COMPILATION_CONDITIONS = DEBUG;
				SWIFT_OPTIMIZATION_LEVEL = "-Onone";
			};
			name = Debug;
		};
		456AB360270A19960099980C /* Release */ = {
			isa = XCBuildConfiguration;
			buildSettings = {
				ALWAYS_SEARCH_USER_PATHS = NO;
				CLANG_ANALYZER_NONNULL = YES;
				CLANG_ANALYZER_NUMBER_OBJECT_CONVERSION = YES_AGGRESSIVE;
				CLANG_CXX_LANGUAGE_STANDARD = "gnu++14";
				CLANG_CXX_LIBRARY = "libc++";
				CLANG_ENABLE_MODULES = YES;
				CLANG_ENABLE_OBJC_ARC = YES;
				CLANG_ENABLE_OBJC_WEAK = YES;
				CLANG_WARN_BLOCK_CAPTURE_AUTORELEASING = YES;
				CLANG_WARN_BOOL_CONVERSION = YES;
				CLANG_WARN_COMMA = YES;
				CLANG_WARN_CONSTANT_CONVERSION = YES;
				CLANG_WARN_DEPRECATED_OBJC_IMPLEMENTATIONS = YES;
				CLANG_WARN_DIRECT_OBJC_ISA_USAGE = YES_ERROR;
				CLANG_WARN_DOCUMENTATION_COMMENTS = YES;
				CLANG_WARN_EMPTY_BODY = YES;
				CLANG_WARN_ENUM_CONVERSION = YES;
				CLANG_WARN_INFINITE_RECURSION = YES;
				CLANG_WARN_INT_CONVERSION = YES;
				CLANG_WARN_NON_LITERAL_NULL_CONVERSION = YES;
				CLANG_WARN_OBJC_IMPLICIT_RETAIN_SELF = YES;
				CLANG_WARN_OBJC_LITERAL_CONVERSION = YES;
				CLANG_WARN_OBJC_ROOT_CLASS = YES_ERROR;
				CLANG_WARN_QUOTED_INCLUDE_IN_FRAMEWORK_HEADER = YES;
				CLANG_WARN_RANGE_LOOP_ANALYSIS = YES;
				CLANG_WARN_STRICT_PROTOTYPES = YES;
				CLANG_WARN_SUSPICIOUS_MOVE = YES;
				CLANG_WARN_UNGUARDED_AVAILABILITY = YES_AGGRESSIVE;
				CLANG_WARN_UNREACHABLE_CODE = YES;
				CLANG_WARN__DUPLICATE_METHOD_MATCH = YES;
				COPY_PHASE_STRIP = NO;
				DEBUG_INFORMATION_FORMAT = "dwarf-with-dsym";
				ENABLE_NS_ASSERTIONS = NO;
				ENABLE_STRICT_OBJC_MSGSEND = YES;
				GCC_C_LANGUAGE_STANDARD = gnu11;
				GCC_NO_COMMON_BLOCKS = YES;
				GCC_WARN_64_TO_32_BIT_CONVERSION = YES;
				GCC_WARN_ABOUT_RETURN_TYPE = YES_ERROR;
				GCC_WARN_UNDECLARED_SELECTOR = YES;
				GCC_WARN_UNINITIALIZED_AUTOS = YES_AGGRESSIVE;
				GCC_WARN_UNUSED_FUNCTION = YES;
				GCC_WARN_UNUSED_VARIABLE = YES;
				IPHONEOS_DEPLOYMENT_TARGET = 14.4;
				MTL_ENABLE_DEBUG_INFO = NO;
				MTL_FAST_MATH = YES;
				SDKROOT = iphoneos;
				SWIFT_COMPILATION_MODE = wholemodule;
				SWIFT_OPTIMIZATION_LEVEL = "-O";
				VALIDATE_PRODUCT = YES;
			};
			name = Release;
		};
		456AB362270A19960099980C /* Debug */ = {
			isa = XCBuildConfiguration;
			buildSettings = {
				ASSETCATALOG_COMPILER_APPICON_NAME = AppIcon;
				ASSETCATALOG_COMPILER_GLOBAL_ACCENT_COLOR_NAME = AccentColor;
				CODE_SIGN_STYLE = Automatic;
				INFOPLIST_FILE = TextMessenger/Info.plist;
				IPHONEOS_DEPLOYMENT_TARGET = 13.0;
				LD_RUNPATH_SEARCH_PATHS = (
					"$(inherited)",
					"@executable_path/Frameworks",
				);
				PRODUCT_BUNDLE_IDENTIFIER = com.TextMessenger;
				PRODUCT_NAME = "$(TARGET_NAME)";
				SWIFT_VERSION = 5.0;
				TARGETED_DEVICE_FAMILY = "1,2";
			};
			name = Debug;
		};
		456AB363270A19960099980C /* Release */ = {
			isa = XCBuildConfiguration;
			buildSettings = {
				ASSETCATALOG_COMPILER_APPICON_NAME = AppIcon;
				ASSETCATALOG_COMPILER_GLOBAL_ACCENT_COLOR_NAME = AccentColor;
				CODE_SIGN_STYLE = Automatic;
				INFOPLIST_FILE = TextMessenger/Info.plist;
				IPHONEOS_DEPLOYMENT_TARGET = 13.0;
				LD_RUNPATH_SEARCH_PATHS = (
					"$(inherited)",
					"@executable_path/Frameworks",
				);
				PRODUCT_BUNDLE_IDENTIFIER = com.TextMessenger;
				PRODUCT_NAME = "$(TARGET_NAME)";
				SWIFT_VERSION = 5.0;
				TARGETED_DEVICE_FAMILY = "1,2";
			};
			name = Release;
		};
/* End XCBuildConfiguration section */

/* Begin XCConfigurationList section */
		456AB348270A198B0099980C /* Build configuration list for PBXProject "TextMessenger" */ = {
			isa = XCConfigurationList;
			buildConfigurations = (
				456AB35F270A19960099980C /* Debug */,
				456AB360270A19960099980C /* Release */,
			);
			defaultConfigurationIsVisible = 0;
			defaultConfigurationName = Release;
		};
		456AB361270A19960099980C /* Build configuration list for PBXNativeTarget "TextMessenger" */ = {
			isa = XCConfigurationList;
			buildConfigurations = (
				456AB362270A19960099980C /* Debug */,
				456AB363270A19960099980C /* Release */,
			);
			defaultConfigurationIsVisible = 0;
			defaultConfigurationName = Release;
		};
/* End XCConfigurationList section */

/* Begin XCRemoteSwiftPackageReference section */
		4574B0C72713812900F7CDBF /* XCRemoteSwiftPackageReference "SnapKit" */ = {
			isa = XCRemoteSwiftPackageReference;
			repositoryURL = "https://github.com/SnapKit/SnapKit";
			requirement = {
				kind = upToNextMajorVersion;
				minimumVersion = 5.0.1;
			};
		};
/* End XCRemoteSwiftPackageReference section */

/* Begin XCSwiftPackageProductDependency section */
		4574B0C82713812900F7CDBF /* SnapKit */ = {
			isa = XCSwiftPackageProductDependency;
			package = 4574B0C72713812900F7CDBF /* XCRemoteSwiftPackageReference "SnapKit" */;
			productName = SnapKit;
		};
/* End XCSwiftPackageProductDependency section */
	};
	rootObject = 456AB345270A198B0099980C /* Project object */;
}
